{
  "name": "basic-html-demo",
  "version": "1.0.0",
  "lockfileVersion": 3,
  "requires": true,
  "packages": {
    "": {
      "name": "basic-html-demo",
      "version": "1.0.0",
      "license": "ISC",
      "dependencies": {
        "merrco-payfirma-iframe-transaction-module": "^1.0.0-beta.1"
      }
    },
    "node_modules/merrco-payfirma-iframe-transaction-module": {
      "version": "1.0.0-beta.1",
      "resolved": "https://registry.npmjs.org/merrco-payfirma-iframe-transaction-module/-/merrco-payfirma-iframe-transaction-module-1.0.0-beta.1.tgz",
      "integrity": "sha512-MJmZH0OkPB5jeViPha3C5S7YJdlK1g9rGcal23Z+TKb9ZN3UMukU5rmhD6oroktcO1sTFjpoxbXEWGZFbQzWAg=="
    }
  }
}
